// !$*UTF8*$!
{
	archiveVersion = 1;
	classes = {
	};
	objectVersion = 46;
	objects = {

/* Begin PBXBuildFile section */
		EB4A499C175AC742003C0E9C /* eighth-note.png in Resources */ = {isa = PBXBuildFile; fileRef = EB4A4988175AC742003C0E9C /* eighth-note.png */; };
		EB4A499D175AC742003C0E9C /* eighth-rest.png in Resources */ = {isa = PBXBuildFile; fileRef = EB4A4989175AC742003C0E9C /* eighth-rest.png */; };
		EB4A499E175AC742003C0E9C /* eighth-upside.png in Resources */ = {isa = PBXBuildFile; fileRef = EB4A498A175AC742003C0E9C /* eighth-upside.png */; };
		EB4A499F175AC742003C0E9C /* eighth-upside@2x.png in Resources */ = {isa = PBXBuildFile; fileRef = EB4A498B175AC742003C0E9C /* eighth-upside@2x.png */; };
		EB4A49A0175AC742003C0E9C /* flat@2x.png in Resources */ = {isa = PBXBuildFile; fileRef = EB4A498C175AC742003C0E9C /* flat@2x.png */; };
		EB4A49A1175AC742003C0E9C /* half-note.png in Resources */ = {isa = PBXBuildFile; fileRef = EB4A498D175AC742003C0E9C /* half-note.png */; };
		EB4A49A2175AC742003C0E9C /* half-note@2x.png in Resources */ = {isa = PBXBuildFile; fileRef = EB4A498E175AC742003C0E9C /* half-note@2x.png */; };
		EB4A49A3175AC742003C0E9C /* half-rest.png in Resources */ = {isa = PBXBuildFile; fileRef = EB4A498F175AC742003C0E9C /* half-rest.png */; };
		EB4A49A4175AC742003C0E9C /* half-rest@2x.png in Resources */ = {isa = PBXBuildFile; fileRef = EB4A4990175AC742003C0E9C /* half-rest@2x.png */; };
		EB4A49A5175AC742003C0E9C /* quarter-note.png in Resources */ = {isa = PBXBuildFile; fileRef = EB4A4991175AC742003C0E9C /* quarter-note.png */; };
		EB4A49A6175AC742003C0E9C /* quarter-note@2x.png in Resources */ = {isa = PBXBuildFile; fileRef = EB4A4992175AC742003C0E9C /* quarter-note@2x.png */; };
		EB4A49A7175AC742003C0E9C /* quarter-rest.png in Resources */ = {isa = PBXBuildFile; fileRef = EB4A4993175AC742003C0E9C /* quarter-rest.png */; };
		EB4A49A8175AC742003C0E9C /* quarter-rest@2x.png in Resources */ = {isa = PBXBuildFile; fileRef = EB4A4994175AC742003C0E9C /* quarter-rest@2x.png */; };
		EB4A49A9175AC742003C0E9C /* sharp@2x.png in Resources */ = {isa = PBXBuildFile; fileRef = EB4A4995175AC742003C0E9C /* sharp@2x.png */; };
		EB4A49AA175AC742003C0E9C /* sharp.png in Resources */ = {isa = PBXBuildFile; fileRef = EB4A4996175AC742003C0E9C /* sharp.png */; };
		EB4A49AB175AC742003C0E9C /* template@2x.png in Resources */ = {isa = PBXBuildFile; fileRef = EB4A4997175AC742003C0E9C /* template@2x.png */; };
		EB4A49AC175AC742003C0E9C /* whole-note.png in Resources */ = {isa = PBXBuildFile; fileRef = EB4A4998175AC742003C0E9C /* whole-note.png */; };
		EB4A49AD175AC742003C0E9C /* whole-note@2x.png in Resources */ = {isa = PBXBuildFile; fileRef = EB4A4999175AC742003C0E9C /* whole-note@2x.png */; };
		EB4A49AE175AC742003C0E9C /* whole-rest.png in Resources */ = {isa = PBXBuildFile; fileRef = EB4A499A175AC742003C0E9C /* whole-rest.png */; };
		EB4A49AF175AC742003C0E9C /* whole-rest@2x.png in Resources */ = {isa = PBXBuildFile; fileRef = EB4A499B175AC742003C0E9C /* whole-rest@2x.png */; };
		EB4A49B2175AC758003C0E9C /* eighth-note@2x.png in Resources */ = {isa = PBXBuildFile; fileRef = EB4A49B0175AC758003C0E9C /* eighth-note@2x.png */; };
		EB4A49B3175AC758003C0E9C /* eighth-rest@2x.png in Resources */ = {isa = PBXBuildFile; fileRef = EB4A49B1175AC758003C0E9C /* eighth-rest@2x.png */; };
		EB4A49B5175AC7C7003C0E9C /* flat.png in Resources */ = {isa = PBXBuildFile; fileRef = EB4A49B4175AC7C7003C0E9C /* flat.png */; };
		EB4A49B8175AD0CA003C0E9C /* BAUHS93.TTF in Resources */ = {isa = PBXBuildFile; fileRef = EB4A49B6175AD073003C0E9C /* BAUHS93.TTF */; };
		EB4A49BC175AD891003C0E9C /* logo.png in Resources */ = {isa = PBXBuildFile; fileRef = EB4A49BB175AD890003C0E9C /* logo.png */; };
		EB4A49BF175AE637003C0E9C /* mmmSpecialRequest.m in Sources */ = {isa = PBXBuildFile; fileRef = EB4A49BE175AE62D003C0E9C /* mmmSpecialRequest.m */; };
		EB4A49C2175B177E003C0E9C /* mmmNoteView.m in Sources */ = {isa = PBXBuildFile; fileRef = EB4A49C1175B177E003C0E9C /* mmmNoteView.m */; };
		EB4A49C8175B3588003C0E9C /* mmmPlayAudio.m in Sources */ = {isa = PBXBuildFile; fileRef = EB4A49C7175B3588003C0E9C /* mmmPlayAudio.m */; };
		EB4A49CA175B35B9003C0E9C /* CoreAudio.framework in Frameworks */ = {isa = PBXBuildFile; fileRef = EB4A49C9175B35B8003C0E9C /* CoreAudio.framework */; };
		EB4A49CC175B35BF003C0E9C /* AudioToolbox.framework in Frameworks */ = {isa = PBXBuildFile; fileRef = EB4A49CB175B35BE003C0E9C /* AudioToolbox.framework */; };
		EB73812D175A8FBF00B66F80 /* UIKit.framework in Frameworks */ = {isa = PBXBuildFile; fileRef = EB73812C175A8FBF00B66F80 /* UIKit.framework */; };
		EB73812F175A8FBF00B66F80 /* Foundation.framework in Frameworks */ = {isa = PBXBuildFile; fileRef = EB73812E175A8FBF00B66F80 /* Foundation.framework */; };
		EB738131175A8FBF00B66F80 /* CoreGraphics.framework in Frameworks */ = {isa = PBXBuildFile; fileRef = EB738130175A8FBF00B66F80 /* CoreGraphics.framework */; };
		EB738133175A8FBF00B66F80 /* CoreData.framework in Frameworks */ = {isa = PBXBuildFile; fileRef = EB738132175A8FBF00B66F80 /* CoreData.framework */; };
		EB738139175A8FBF00B66F80 /* InfoPlist.strings in Resources */ = {isa = PBXBuildFile; fileRef = EB738137175A8FBF00B66F80 /* InfoPlist.strings */; };
		EB73813B175A8FBF00B66F80 /* main.m in Sources */ = {isa = PBXBuildFile; fileRef = EB73813A175A8FBF00B66F80 /* main.m */; };
		EB73813F175A8FBF00B66F80 /* mmmAppDelegate.m in Sources */ = {isa = PBXBuildFile; fileRef = EB73813E175A8FBF00B66F80 /* mmmAppDelegate.m */; };
		EB738141175A8FBF00B66F80 /* Default.png in Resources */ = {isa = PBXBuildFile; fileRef = EB738140175A8FBF00B66F80 /* Default.png */; };
		EB738143175A8FBF00B66F80 /* Default@2x.png in Resources */ = {isa = PBXBuildFile; fileRef = EB738142175A8FBF00B66F80 /* Default@2x.png */; };
		EB738145175A8FBF00B66F80 /* Default-568h@2x.png in Resources */ = {isa = PBXBuildFile; fileRef = EB738144175A8FBF00B66F80 /* Default-568h@2x.png */; };
		EB738148175A8FBF00B66F80 /* MoveMyMusicApp.xcdatamodeld in Sources */ = {isa = PBXBuildFile; fileRef = EB738146175A8FBF00B66F80 /* MoveMyMusicApp.xcdatamodeld */; };
		EB73814B175A8FBF00B66F80 /* mmmMasterViewController.m in Sources */ = {isa = PBXBuildFile; fileRef = EB73814A175A8FBF00B66F80 /* mmmMasterViewController.m */; };
		EB738151175A8FBF00B66F80 /* mmmMasterViewController.xib in Resources */ = {isa = PBXBuildFile; fileRef = EB73814F175A8FBF00B66F80 /* mmmMasterViewController.xib */; };
		EB73815E175A928000B66F80 /* mmmOnboardingViewController.m in Sources */ = {isa = PBXBuildFile; fileRef = EB73815C175A928000B66F80 /* mmmOnboardingViewController.m */; };
		EB73815F175A928000B66F80 /* mmmOnboardingViewController.xib in Resources */ = {isa = PBXBuildFile; fileRef = EB73815D175A928000B66F80 /* mmmOnboardingViewController.xib */; };
		EB738162175A93D500B66F80 /* Song.m in Sources */ = {isa = PBXBuildFile; fileRef = EB738161175A93D500B66F80 /* Song.m */; };
		EB738166175A9CEB00B66F80 /* mmmTeacherOnboardingViewController.m in Sources */ = {isa = PBXBuildFile; fileRef = EB738164175A9CEB00B66F80 /* mmmTeacherOnboardingViewController.m */; };
		EB738167175A9CEB00B66F80 /* mmmTeacherOnboardingViewController.xib in Resources */ = {isa = PBXBuildFile; fileRef = EB738165175A9CEB00B66F80 /* mmmTeacherOnboardingViewController.xib */; };
		EB738169175AA3E000B66F80 /* QuartzCore.framework in Frameworks */ = {isa = PBXBuildFile; fileRef = EB738168175AA3E000B66F80 /* QuartzCore.framework */; };
		EB73816E175AA4E400B66F80 /* mmmStudentOnboardingViewController.m in Sources */ = {isa = PBXBuildFile; fileRef = EB73816C175AA4E400B66F80 /* mmmStudentOnboardingViewController.m */; };
		EB73816F175AA4E400B66F80 /* mmmStudentOnboardingViewController.xib in Resources */ = {isa = PBXBuildFile; fileRef = EB73816D175AA4E400B66F80 /* mmmStudentOnboardingViewController.xib */; };
		EB73818C175AAA4E00B66F80 /* mmmSongCreatorViewController.m in Sources */ = {isa = PBXBuildFile; fileRef = EB73818A175AAA4C00B66F80 /* mmmSongCreatorViewController.m */; };
		EB73818D175AAA4E00B66F80 /* mmmSongCreatorViewController.xib in Resources */ = {isa = PBXBuildFile; fileRef = EB73818B175AAA4C00B66F80 /* mmmSongCreatorViewController.xib */; };
		EB738195175AAAE100B66F80 /* draggableImage.m in Sources */ = {isa = PBXBuildFile; fileRef = EB738194175AAAE100B66F80 /* draggableImage.m */; };
		EB73819D175AB29400B66F80 /* template.png in Resources */ = {isa = PBXBuildFile; fileRef = EB73819C175AB29400B66F80 /* template.png */; };
		EB7381A0175AB4BB00B66F80 /* APIUtility.m in Sources */ = {isa = PBXBuildFile; fileRef = EB73819F175AB4BB00B66F80 /* APIUtility.m */; };
		EB7381AC175AB8E600B66F80 /* JSONKit.m in Sources */ = {isa = PBXBuildFile; fileRef = EB7381A6175AB59B00B66F80 /* JSONKit.m */; settings = {COMPILER_FLAGS = "-fno-objc-arc"; }; };
/* End PBXBuildFile section */

/* Begin PBXFileReference section */
		EB4A4988175AC742003C0E9C /* eighth-note.png */ = {isa = PBXFileReference; lastKnownFileType = image.png; path = "eighth-note.png"; sourceTree = "<group>"; };
		EB4A4989175AC742003C0E9C /* eighth-rest.png */ = {isa = PBXFileReference; lastKnownFileType = image.png; path = "eighth-rest.png"; sourceTree = "<group>"; };
		EB4A498A175AC742003C0E9C /* eighth-upside.png */ = {isa = PBXFileReference; lastKnownFileType = image.png; path = "eighth-upside.png"; sourceTree = "<group>"; };
		EB4A498B175AC742003C0E9C /* eighth-upside@2x.png */ = {isa = PBXFileReference; lastKnownFileType = image.png; path = "eighth-upside@2x.png"; sourceTree = "<group>"; };
		EB4A498C175AC742003C0E9C /* flat@2x.png */ = {isa = PBXFileReference; lastKnownFileType = image.png; path = "flat@2x.png"; sourceTree = "<group>"; };
		EB4A498D175AC742003C0E9C /* half-note.png */ = {isa = PBXFileReference; lastKnownFileType = image.png; path = "half-note.png"; sourceTree = "<group>"; };
		EB4A498E175AC742003C0E9C /* half-note@2x.png */ = {isa = PBXFileReference; lastKnownFileType = image.png; path = "half-note@2x.png"; sourceTree = "<group>"; };
		EB4A498F175AC742003C0E9C /* half-rest.png */ = {isa = PBXFileReference; lastKnownFileType = image.png; path = "half-rest.png"; sourceTree = "<group>"; };
		EB4A4990175AC742003C0E9C /* half-rest@2x.png */ = {isa = PBXFileReference; lastKnownFileType = image.png; path = "half-rest@2x.png"; sourceTree = "<group>"; };
		EB4A4991175AC742003C0E9C /* quarter-note.png */ = {isa = PBXFileReference; lastKnownFileType = image.png; path = "quarter-note.png"; sourceTree = "<group>"; };
		EB4A4992175AC742003C0E9C /* quarter-note@2x.png */ = {isa = PBXFileReference; lastKnownFileType = image.png; path = "quarter-note@2x.png"; sourceTree = "<group>"; };
		EB4A4993175AC742003C0E9C /* quarter-rest.png */ = {isa = PBXFileReference; lastKnownFileType = image.png; path = "quarter-rest.png"; sourceTree = "<group>"; };
		EB4A4994175AC742003C0E9C /* quarter-rest@2x.png */ = {isa = PBXFileReference; lastKnownFileType = image.png; path = "quarter-rest@2x.png"; sourceTree = "<group>"; };
		EB4A4995175AC742003C0E9C /* sharp@2x.png */ = {isa = PBXFileReference; lastKnownFileType = image.png; path = "sharp@2x.png"; sourceTree = "<group>"; };
		EB4A4996175AC742003C0E9C /* sharp.png */ = {isa = PBXFileReference; lastKnownFileType = image.png; path = sharp.png; sourceTree = "<group>"; };
		EB4A4997175AC742003C0E9C /* template@2x.png */ = {isa = PBXFileReference; lastKnownFileType = image.png; path = "template@2x.png"; sourceTree = "<group>"; };
		EB4A4998175AC742003C0E9C /* whole-note.png */ = {isa = PBXFileReference; lastKnownFileType = image.png; path = "whole-note.png"; sourceTree = "<group>"; };
		EB4A4999175AC742003C0E9C /* whole-note@2x.png */ = {isa = PBXFileReference; lastKnownFileType = image.png; path = "whole-note@2x.png"; sourceTree = "<group>"; };
		EB4A499A175AC742003C0E9C /* whole-rest.png */ = {isa = PBXFileReference; lastKnownFileType = image.png; path = "whole-rest.png"; sourceTree = "<group>"; };
		EB4A499B175AC742003C0E9C /* whole-rest@2x.png */ = {isa = PBXFileReference; lastKnownFileType = image.png; path = "whole-rest@2x.png"; sourceTree = "<group>"; };
		EB4A49B0175AC758003C0E9C /* eighth-note@2x.png */ = {isa = PBXFileReference; lastKnownFileType = image.png; path = "eighth-note@2x.png"; sourceTree = "<group>"; };
		EB4A49B1175AC758003C0E9C /* eighth-rest@2x.png */ = {isa = PBXFileReference; lastKnownFileType = image.png; path = "eighth-rest@2x.png"; sourceTree = "<group>"; };
		EB4A49B4175AC7C7003C0E9C /* flat.png */ = {isa = PBXFileReference; lastKnownFileType = image.png; path = flat.png; sourceTree = "<group>"; };
		EB4A49B6175AD073003C0E9C /* BAUHS93.TTF */ = {isa = PBXFileReference; lastKnownFileType = file; path = BAUHS93.TTF; sourceTree = "<group>"; };
		EB4A49B7175AD074003C0E9C /* logo@2x.png */ = {isa = PBXFileReference; lastKnownFileType = image.png; path = "logo@2x.png"; sourceTree = "<group>"; };
		EB4A49BB175AD890003C0E9C /* logo.png */ = {isa = PBXFileReference; lastKnownFileType = image.png; path = logo.png; sourceTree = "<group>"; };
		EB4A49BD175AE62D003C0E9C /* mmmSpecialRequest.h */ = {isa = PBXFileReference; lastKnownFileType = sourcecode.c.h; path = mmmSpecialRequest.h; sourceTree = "<group>"; };
		EB4A49BE175AE62D003C0E9C /* mmmSpecialRequest.m */ = {isa = PBXFileReference; lastKnownFileType = sourcecode.c.objc; path = mmmSpecialRequest.m; sourceTree = "<group>"; };
		EB4A49C0175B177E003C0E9C /* mmmNoteView.h */ = {isa = PBXFileReference; fileEncoding = 4; lastKnownFileType = sourcecode.c.h; path = mmmNoteView.h; sourceTree = "<group>"; };
		EB4A49C1175B177E003C0E9C /* mmmNoteView.m */ = {isa = PBXFileReference; fileEncoding = 4; lastKnownFileType = sourcecode.c.objc; path = mmmNoteView.m; sourceTree = "<group>"; };
		EB4A49C6175B3588003C0E9C /* mmmPlayAudio.h */ = {isa = PBXFileReference; fileEncoding = 4; lastKnownFileType = sourcecode.c.h; path = mmmPlayAudio.h; sourceTree = "<group>"; };
		EB4A49C7175B3588003C0E9C /* mmmPlayAudio.m */ = {isa = PBXFileReference; fileEncoding = 4; lastKnownFileType = sourcecode.c.objc; path = mmmPlayAudio.m; sourceTree = "<group>"; };
		EB4A49C9175B35B8003C0E9C /* CoreAudio.framework */ = {isa = PBXFileReference; lastKnownFileType = wrapper.framework; name = CoreAudio.framework; path = System/Library/Frameworks/CoreAudio.framework; sourceTree = SDKROOT; };
		EB4A49CB175B35BE003C0E9C /* AudioToolbox.framework */ = {isa = PBXFileReference; lastKnownFileType = wrapper.framework; name = AudioToolbox.framework; path = System/Library/Frameworks/AudioToolbox.framework; sourceTree = SDKROOT; };
		EB738129175A8FBF00B66F80 /* MoveMyMusicApp.app */ = {isa = PBXFileReference; explicitFileType = wrapper.application; includeInIndex = 0; path = MoveMyMusicApp.app; sourceTree = BUILT_PRODUCTS_DIR; };
		EB73812C175A8FBF00B66F80 /* UIKit.framework */ = {isa = PBXFileReference; lastKnownFileType = wrapper.framework; name = UIKit.framework; path = System/Library/Frameworks/UIKit.framework; sourceTree = SDKROOT; };
		EB73812E175A8FBF00B66F80 /* Foundation.framework */ = {isa = PBXFileReference; lastKnownFileType = wrapper.framework; name = Foundation.framework; path = System/Library/Frameworks/Foundation.framework; sourceTree = SDKROOT; };
		EB738130175A8FBF00B66F80 /* CoreGraphics.framework */ = {isa = PBXFileReference; lastKnownFileType = wrapper.framework; name = CoreGraphics.framework; path = System/Library/Frameworks/CoreGraphics.framework; sourceTree = SDKROOT; };
		EB738132175A8FBF00B66F80 /* CoreData.framework */ = {isa = PBXFileReference; lastKnownFileType = wrapper.framework; name = CoreData.framework; path = System/Library/Frameworks/CoreData.framework; sourceTree = SDKROOT; };
		EB738136175A8FBF00B66F80 /* MoveMyMusicApp-Info.plist */ = {isa = PBXFileReference; lastKnownFileType = text.plist.xml; path = "MoveMyMusicApp-Info.plist"; sourceTree = "<group>"; };
		EB738138175A8FBF00B66F80 /* en */ = {isa = PBXFileReference; lastKnownFileType = text.plist.strings; name = en; path = en.lproj/InfoPlist.strings; sourceTree = "<group>"; };
		EB73813A175A8FBF00B66F80 /* main.m */ = {isa = PBXFileReference; lastKnownFileType = sourcecode.c.objc; path = main.m; sourceTree = "<group>"; };
		EB73813C175A8FBF00B66F80 /* MoveMyMusicApp-Prefix.pch */ = {isa = PBXFileReference; lastKnownFileType = sourcecode.c.h; path = "MoveMyMusicApp-Prefix.pch"; sourceTree = "<group>"; };
		EB73813D175A8FBF00B66F80 /* mmmAppDelegate.h */ = {isa = PBXFileReference; lastKnownFileType = sourcecode.c.h; path = mmmAppDelegate.h; sourceTree = "<group>"; };
		EB73813E175A8FBF00B66F80 /* mmmAppDelegate.m */ = {isa = PBXFileReference; lastKnownFileType = sourcecode.c.objc; path = mmmAppDelegate.m; sourceTree = "<group>"; };
		EB738140175A8FBF00B66F80 /* Default.png */ = {isa = PBXFileReference; lastKnownFileType = image.png; path = Default.png; sourceTree = "<group>"; };
		EB738142175A8FBF00B66F80 /* Default@2x.png */ = {isa = PBXFileReference; lastKnownFileType = image.png; path = "Default@2x.png"; sourceTree = "<group>"; };
		EB738144175A8FBF00B66F80 /* Default-568h@2x.png */ = {isa = PBXFileReference; lastKnownFileType = image.png; path = "Default-568h@2x.png"; sourceTree = "<group>"; };
		EB738147175A8FBF00B66F80 /* MoveMyMusicApp.xcdatamodel */ = {isa = PBXFileReference; lastKnownFileType = wrapper.xcdatamodel; path = MoveMyMusicApp.xcdatamodel; sourceTree = "<group>"; };
		EB738149175A8FBF00B66F80 /* mmmMasterViewController.h */ = {isa = PBXFileReference; lastKnownFileType = sourcecode.c.h; path = mmmMasterViewController.h; sourceTree = "<group>"; };
		EB73814A175A8FBF00B66F80 /* mmmMasterViewController.m */ = {isa = PBXFileReference; lastKnownFileType = sourcecode.c.objc; path = mmmMasterViewController.m; sourceTree = "<group>"; };
		EB738150175A8FBF00B66F80 /* en */ = {isa = PBXFileReference; lastKnownFileType = file.xib; name = en; path = en.lproj/mmmMasterViewController.xib; sourceTree = "<group>"; };
		EB73815B175A928000B66F80 /* mmmOnboardingViewController.h */ = {isa = PBXFileReference; fileEncoding = 4; lastKnownFileType = sourcecode.c.h; path = mmmOnboardingViewController.h; sourceTree = "<group>"; };
		EB73815C175A928000B66F80 /* mmmOnboardingViewController.m */ = {isa = PBXFileReference; fileEncoding = 4; lastKnownFileType = sourcecode.c.objc; path = mmmOnboardingViewController.m; sourceTree = "<group>"; };
		EB73815D175A928000B66F80 /* mmmOnboardingViewController.xib */ = {isa = PBXFileReference; fileEncoding = 4; lastKnownFileType = file.xib; path = mmmOnboardingViewController.xib; sourceTree = "<group>"; };
		EB738160175A93D500B66F80 /* Song.h */ = {isa = PBXFileReference; fileEncoding = 4; lastKnownFileType = sourcecode.c.h; path = Song.h; sourceTree = "<group>"; };
		EB738161175A93D500B66F80 /* Song.m */ = {isa = PBXFileReference; fileEncoding = 4; lastKnownFileType = sourcecode.c.objc; path = Song.m; sourceTree = "<group>"; };
		EB738163175A9CEB00B66F80 /* mmmTeacherOnboardingViewController.h */ = {isa = PBXFileReference; fileEncoding = 4; lastKnownFileType = sourcecode.c.h; path = mmmTeacherOnboardingViewController.h; sourceTree = "<group>"; };
		EB738164175A9CEB00B66F80 /* mmmTeacherOnboardingViewController.m */ = {isa = PBXFileReference; fileEncoding = 4; lastKnownFileType = sourcecode.c.objc; path = mmmTeacherOnboardingViewController.m; sourceTree = "<group>"; };
		EB738165175A9CEB00B66F80 /* mmmTeacherOnboardingViewController.xib */ = {isa = PBXFileReference; fileEncoding = 4; lastKnownFileType = file.xib; path = mmmTeacherOnboardingViewController.xib; sourceTree = "<group>"; };
		EB738168175AA3E000B66F80 /* QuartzCore.framework */ = {isa = PBXFileReference; lastKnownFileType = wrapper.framework; name = QuartzCore.framework; path = System/Library/Frameworks/QuartzCore.framework; sourceTree = SDKROOT; };
		EB73816B175AA4E400B66F80 /* mmmStudentOnboardingViewController.h */ = {isa = PBXFileReference; fileEncoding = 4; lastKnownFileType = sourcecode.c.h; path = mmmStudentOnboardingViewController.h; sourceTree = "<group>"; };
		EB73816C175AA4E400B66F80 /* mmmStudentOnboardingViewController.m */ = {isa = PBXFileReference; fileEncoding = 4; lastKnownFileType = sourcecode.c.objc; path = mmmStudentOnboardingViewController.m; sourceTree = "<group>"; };
		EB73816D175AA4E400B66F80 /* mmmStudentOnboardingViewController.xib */ = {isa = PBXFileReference; fileEncoding = 4; lastKnownFileType = file.xib; path = mmmStudentOnboardingViewController.xib; sourceTree = "<group>"; };
		EB738189175AAA4C00B66F80 /* mmmSongCreatorViewController.h */ = {isa = PBXFileReference; fileEncoding = 4; lastKnownFileType = sourcecode.c.h; path = mmmSongCreatorViewController.h; sourceTree = "<group>"; };
		EB73818A175AAA4C00B66F80 /* mmmSongCreatorViewController.m */ = {isa = PBXFileReference; fileEncoding = 4; lastKnownFileType = sourcecode.c.objc; path = mmmSongCreatorViewController.m; sourceTree = "<group>"; };
		EB73818B175AAA4C00B66F80 /* mmmSongCreatorViewController.xib */ = {isa = PBXFileReference; fileEncoding = 4; lastKnownFileType = file.xib; path = mmmSongCreatorViewController.xib; sourceTree = "<group>"; };
		EB738193175AAAE100B66F80 /* draggableImage.h */ = {isa = PBXFileReference; fileEncoding = 4; lastKnownFileType = sourcecode.c.h; path = draggableImage.h; sourceTree = "<group>"; };
		EB738194175AAAE100B66F80 /* draggableImage.m */ = {isa = PBXFileReference; fileEncoding = 4; lastKnownFileType = sourcecode.c.objc; path = draggableImage.m; sourceTree = "<group>"; };
		EB73819C175AB29400B66F80 /* template.png */ = {isa = PBXFileReference; lastKnownFileType = image.png; path = template.png; sourceTree = "<group>"; };
		EB73819E175AB4BB00B66F80 /* APIUtility.h */ = {isa = PBXFileReference; fileEncoding = 4; lastKnownFileType = sourcecode.c.h; path = APIUtility.h; sourceTree = "<group>"; };
		EB73819F175AB4BB00B66F80 /* APIUtility.m */ = {isa = PBXFileReference; fileEncoding = 4; lastKnownFileType = sourcecode.c.objc; path = APIUtility.m; sourceTree = "<group>"; };
		EB7381A5175AB59B00B66F80 /* JSONKit.h */ = {isa = PBXFileReference; lastKnownFileType = sourcecode.c.h; path = JSONKit.h; sourceTree = "<group>"; };
		EB7381A6175AB59B00B66F80 /* JSONKit.m */ = {isa = PBXFileReference; lastKnownFileType = sourcecode.c.objc; path = JSONKit.m; sourceTree = "<group>"; };
		EB7381A8175AB5B700B66F80 /* NSString+MD5Addition.h */ = {isa = PBXFileReference; lastKnownFileType = sourcecode.c.h; path = "NSString+MD5Addition.h"; sourceTree = "<group>"; };
		EB7381A9175AB5B700B66F80 /* NSString+MD5Addition.m */ = {isa = PBXFileReference; lastKnownFileType = sourcecode.c.objc; path = "NSString+MD5Addition.m"; sourceTree = "<group>"; };
		EB7381AA175AB5B700B66F80 /* UIDevice+IdentifierAddition.h */ = {isa = PBXFileReference; lastKnownFileType = sourcecode.c.h; path = "UIDevice+IdentifierAddition.h"; sourceTree = "<group>"; };
		EB7381AB175AB5B800B66F80 /* UIDevice+IdentifierAddition.m */ = {isa = PBXFileReference; lastKnownFileType = sourcecode.c.objc; path = "UIDevice+IdentifierAddition.m"; sourceTree = "<group>"; };
/* End PBXFileReference section */

/* Begin PBXFrameworksBuildPhase section */
		EB738126175A8FBF00B66F80 /* Frameworks */ = {
			isa = PBXFrameworksBuildPhase;
			buildActionMask = 2147483647;
			files = (
				EB4A49CC175B35BF003C0E9C /* AudioToolbox.framework in Frameworks */,
				EB4A49CA175B35B9003C0E9C /* CoreAudio.framework in Frameworks */,
				EB738169175AA3E000B66F80 /* QuartzCore.framework in Frameworks */,
				EB73812D175A8FBF00B66F80 /* UIKit.framework in Frameworks */,
				EB73812F175A8FBF00B66F80 /* Foundation.framework in Frameworks */,
				EB738131175A8FBF00B66F80 /* CoreGraphics.framework in Frameworks */,
				EB738133175A8FBF00B66F80 /* CoreData.framework in Frameworks */,
			);
			runOnlyForDeploymentPostprocessing = 0;
		};
/* End PBXFrameworksBuildPhase section */

/* Begin PBXGroup section */
		EB738120175A8FBF00B66F80 = {
			isa = PBXGroup;
			children = (
				EB738134175A8FBF00B66F80 /* MoveMyMusicApp */,
				EB73812B175A8FBF00B66F80 /* Frameworks */,
				EB73812A175A8FBF00B66F80 /* Products */,
			);
			sourceTree = "<group>";
		};
		EB73812A175A8FBF00B66F80 /* Products */ = {
			isa = PBXGroup;
			children = (
				EB738129175A8FBF00B66F80 /* MoveMyMusicApp.app */,
			);
			name = Products;
			sourceTree = "<group>";
		};
		EB73812B175A8FBF00B66F80 /* Frameworks */ = {
			isa = PBXGroup;
			children = (
				EB4A49CB175B35BE003C0E9C /* AudioToolbox.framework */,
				EB4A49C9175B35B8003C0E9C /* CoreAudio.framework */,
				EB738168175AA3E000B66F80 /* QuartzCore.framework */,
				EB73812C175A8FBF00B66F80 /* UIKit.framework */,
				EB73812E175A8FBF00B66F80 /* Foundation.framework */,
				EB738130175A8FBF00B66F80 /* CoreGraphics.framework */,
				EB738132175A8FBF00B66F80 /* CoreData.framework */,
			);
			name = Frameworks;
			sourceTree = "<group>";
		};
		EB738134175A8FBF00B66F80 /* MoveMyMusicApp */ = {
			isa = PBXGroup;
			children = (
				EB73818F175AAA9700B66F80 /* Core Data */,
				EB73818E175AAA8B00B66F80 /* Music Creator */,
				EB73815A175A926D00B66F80 /* Onboarding */,
				EB73813D175A8FBF00B66F80 /* mmmAppDelegate.h */,
				EB73813E175A8FBF00B66F80 /* mmmAppDelegate.m */,
				EB738149175A8FBF00B66F80 /* mmmMasterViewController.h */,
				EB73814A175A8FBF00B66F80 /* mmmMasterViewController.m */,
				EB73814F175A8FBF00B66F80 /* mmmMasterViewController.xib */,
				EB738135175A8FBF00B66F80 /* Supporting Files */,
			);
			path = MoveMyMusicApp;
			sourceTree = "<group>";
		};
		EB738135175A8FBF00B66F80 /* Supporting Files */ = {
			isa = PBXGroup;
			children = (
				EB4A49B6175AD073003C0E9C /* BAUHS93.TTF */,
				EB7381A7175AB5AC00B66F80 /* DeviceID */,
				EB7381A4175AB58D00B66F80 /* JSON */,
				EB738170175AA79700B66F80 /* Images */,
				EB738136175A8FBF00B66F80 /* MoveMyMusicApp-Info.plist */,
				EB738137175A8FBF00B66F80 /* InfoPlist.strings */,
				EB73813A175A8FBF00B66F80 /* main.m */,
				EB73813C175A8FBF00B66F80 /* MoveMyMusicApp-Prefix.pch */,
				EB738140175A8FBF00B66F80 /* Default.png */,
				EB738142175A8FBF00B66F80 /* Default@2x.png */,
				EB738144175A8FBF00B66F80 /* Default-568h@2x.png */,
				EB4A49BD175AE62D003C0E9C /* mmmSpecialRequest.h */,
				EB4A49BE175AE62D003C0E9C /* mmmSpecialRequest.m */,
				EB73819E175AB4BB00B66F80 /* APIUtility.h */,
				EB73819F175AB4BB00B66F80 /* APIUtility.m */,
			);
			name = "Supporting Files";
			sourceTree = "<group>";
		};
		EB73815A175A926D00B66F80 /* Onboarding */ = {
			isa = PBXGroup;
			children = (
				EB73815B175A928000B66F80 /* mmmOnboardingViewController.h */,
				EB73815C175A928000B66F80 /* mmmOnboardingViewController.m */,
				EB73815D175A928000B66F80 /* mmmOnboardingViewController.xib */,
				EB73816B175AA4E400B66F80 /* mmmStudentOnboardingViewController.h */,
				EB73816C175AA4E400B66F80 /* mmmStudentOnboardingViewController.m */,
				EB73816D175AA4E400B66F80 /* mmmStudentOnboardingViewController.xib */,
				EB738163175A9CEB00B66F80 /* mmmTeacherOnboardingViewController.h */,
				EB738164175A9CEB00B66F80 /* mmmTeacherOnboardingViewController.m */,
				EB738165175A9CEB00B66F80 /* mmmTeacherOnboardingViewController.xib */,
			);
			name = Onboarding;
			sourceTree = "<group>";
		};
		EB738170175AA79700B66F80 /* Images */ = {
			isa = PBXGroup;
			children = (
				EB4A49BB175AD890003C0E9C /* logo.png */,
				EB4A49B7175AD074003C0E9C /* logo@2x.png */,
				EB4A4988175AC742003C0E9C /* eighth-note.png */,
				EB4A49B0175AC758003C0E9C /* eighth-note@2x.png */,
				EB4A4989175AC742003C0E9C /* eighth-rest.png */,
				EB4A49B1175AC758003C0E9C /* eighth-rest@2x.png */,
				EB4A498A175AC742003C0E9C /* eighth-upside.png */,
				EB4A498B175AC742003C0E9C /* eighth-upside@2x.png */,
				EB4A49B4175AC7C7003C0E9C /* flat.png */,
				EB4A498C175AC742003C0E9C /* flat@2x.png */,
				EB4A498D175AC742003C0E9C /* half-note.png */,
				EB4A498E175AC742003C0E9C /* half-note@2x.png */,
				EB4A498F175AC742003C0E9C /* half-rest.png */,
				EB4A4990175AC742003C0E9C /* half-rest@2x.png */,
				EB4A4991175AC742003C0E9C /* quarter-note.png */,
				EB4A4992175AC742003C0E9C /* quarter-note@2x.png */,
				EB4A4993175AC742003C0E9C /* quarter-rest.png */,
				EB4A4994175AC742003C0E9C /* quarter-rest@2x.png */,
				EB4A4996175AC742003C0E9C /* sharp.png */,
				EB4A4995175AC742003C0E9C /* sharp@2x.png */,
				EB4A4998175AC742003C0E9C /* whole-note.png */,
				EB4A4999175AC742003C0E9C /* whole-note@2x.png */,
				EB4A499A175AC742003C0E9C /* whole-rest.png */,
				EB4A499B175AC742003C0E9C /* whole-rest@2x.png */,
				EB73819C175AB29400B66F80 /* template.png */,
				EB4A4997175AC742003C0E9C /* template@2x.png */,
			);
			name = Images;
			sourceTree = "<group>";
		};
		EB73818E175AAA8B00B66F80 /* Music Creator */ = {
			isa = PBXGroup;
			children = (
				EB738189175AAA4C00B66F80 /* mmmSongCreatorViewController.h */,
				EB73818A175AAA4C00B66F80 /* mmmSongCreatorViewController.m */,
				EB73818B175AAA4C00B66F80 /* mmmSongCreatorViewController.xib */,
				EB738193175AAAE100B66F80 /* draggableImage.h */,
				EB738194175AAAE100B66F80 /* draggableImage.m */,
				EB4A49C0175B177E003C0E9C /* mmmNoteView.h */,
				EB4A49C1175B177E003C0E9C /* mmmNoteView.m */,
				EB4A49C6175B3588003C0E9C /* mmmPlayAudio.h */,
				EB4A49C7175B3588003C0E9C /* mmmPlayAudio.m */,
			);
			name = "Music Creator";
			sourceTree = "<group>";
		};
		EB73818F175AAA9700B66F80 /* Core Data */ = {
			isa = PBXGroup;
			children = (
				EB738146175A8FBF00B66F80 /* MoveMyMusicApp.xcdatamodeld */,
				EB738160175A93D500B66F80 /* Song.h */,
				EB738161175A93D500B66F80 /* Song.m */,
			);
			name = "Core Data";
			sourceTree = "<group>";
		};
		EB7381A4175AB58D00B66F80 /* JSON */ = {
			isa = PBXGroup;
			children = (
				EB7381A5175AB59B00B66F80 /* JSONKit.h */,
				EB7381A6175AB59B00B66F80 /* JSONKit.m */,
			);
			name = JSON;
			sourceTree = "<group>";
		};
		EB7381A7175AB5AC00B66F80 /* DeviceID */ = {
			isa = PBXGroup;
			children = (
				EB7381A8175AB5B700B66F80 /* NSString+MD5Addition.h */,
				EB7381A9175AB5B700B66F80 /* NSString+MD5Addition.m */,
				EB7381AA175AB5B700B66F80 /* UIDevice+IdentifierAddition.h */,
				EB7381AB175AB5B800B66F80 /* UIDevice+IdentifierAddition.m */,
			);
			name = DeviceID;
			sourceTree = "<group>";
		};
/* End PBXGroup section */

/* Begin PBXNativeTarget section */
		EB738128175A8FBF00B66F80 /* MoveMyMusicApp */ = {
			isa = PBXNativeTarget;
			buildConfigurationList = EB738157175A8FBF00B66F80 /* Build configuration list for PBXNativeTarget "MoveMyMusicApp" */;
			buildPhases = (
				EB738125175A8FBF00B66F80 /* Sources */,
				EB738126175A8FBF00B66F80 /* Frameworks */,
				EB738127175A8FBF00B66F80 /* Resources */,
			);
			buildRules = (
			);
			dependencies = (
			);
			name = MoveMyMusicApp;
			productName = MoveMyMusicApp;
			productReference = EB738129175A8FBF00B66F80 /* MoveMyMusicApp.app */;
			productType = "com.apple.product-type.application";
		};
/* End PBXNativeTarget section */

/* Begin PBXProject section */
		EB738121175A8FBF00B66F80 /* Project object */ = {
			isa = PBXProject;
			attributes = {
				CLASSPREFIX = mmm;
				LastUpgradeCheck = 0460;
				ORGANIZATIONNAME = movemymusic;
			};
			buildConfigurationList = EB738124175A8FBF00B66F80 /* Build configuration list for PBXProject "MoveMyMusicApp" */;
			compatibilityVersion = "Xcode 3.2";
			developmentRegion = English;
			hasScannedForEncodings = 0;
			knownRegions = (
				en,
			);
			mainGroup = EB738120175A8FBF00B66F80;
			productRefGroup = EB73812A175A8FBF00B66F80 /* Products */;
			projectDirPath = "";
			projectRoot = "";
			targets = (
				EB738128175A8FBF00B66F80 /* MoveMyMusicApp */,
			);
		};
/* End PBXProject section */

/* Begin PBXResourcesBuildPhase section */
		EB738127175A8FBF00B66F80 /* Resources */ = {
			isa = PBXResourcesBuildPhase;
			buildActionMask = 2147483647;
			files = (
				EB4A49B8175AD0CA003C0E9C /* BAUHS93.TTF in Resources */,
				EB738139175A8FBF00B66F80 /* InfoPlist.strings in Resources */,
				EB738141175A8FBF00B66F80 /* Default.png in Resources */,
				EB738143175A8FBF00B66F80 /* Default@2x.png in Resources */,
				EB738145175A8FBF00B66F80 /* Default-568h@2x.png in Resources */,
				EB738151175A8FBF00B66F80 /* mmmMasterViewController.xib in Resources */,
				EB73815F175A928000B66F80 /* mmmOnboardingViewController.xib in Resources */,
				EB738167175A9CEB00B66F80 /* mmmTeacherOnboardingViewController.xib in Resources */,
				EB73816F175AA4E400B66F80 /* mmmStudentOnboardingViewController.xib in Resources */,
				EB73818D175AAA4E00B66F80 /* mmmSongCreatorViewController.xib in Resources */,
				EB73819D175AB29400B66F80 /* template.png in Resources */,
				EB4A499C175AC742003C0E9C /* eighth-note.png in Resources */,
				EB4A499D175AC742003C0E9C /* eighth-rest.png in Resources */,
				EB4A499E175AC742003C0E9C /* eighth-upside.png in Resources */,
				EB4A499F175AC742003C0E9C /* eighth-upside@2x.png in Resources */,
				EB4A49A0175AC742003C0E9C /* flat@2x.png in Resources */,
				EB4A49A1175AC742003C0E9C /* half-note.png in Resources */,
				EB4A49A2175AC742003C0E9C /* half-note@2x.png in Resources */,
				EB4A49A3175AC742003C0E9C /* half-rest.png in Resources */,
				EB4A49A4175AC742003C0E9C /* half-rest@2x.png in Resources */,
				EB4A49A5175AC742003C0E9C /* quarter-note.png in Resources */,
				EB4A49A6175AC742003C0E9C /* quarter-note@2x.png in Resources */,
				EB4A49A7175AC742003C0E9C /* quarter-rest.png in Resources */,
				EB4A49A8175AC742003C0E9C /* quarter-rest@2x.png in Resources */,
				EB4A49A9175AC742003C0E9C /* sharp@2x.png in Resources */,
				EB4A49AA175AC742003C0E9C /* sharp.png in Resources */,
				EB4A49AB175AC742003C0E9C /* template@2x.png in Resources */,
				EB4A49AC175AC742003C0E9C /* whole-note.png in Resources */,
				EB4A49AD175AC742003C0E9C /* whole-note@2x.png in Resources */,
				EB4A49AE175AC742003C0E9C /* whole-rest.png in Resources */,
				EB4A49AF175AC742003C0E9C /* whole-rest@2x.png in Resources */,
				EB4A49B2175AC758003C0E9C /* eighth-note@2x.png in Resources */,
				EB4A49B3175AC758003C0E9C /* eighth-rest@2x.png in Resources */,
				EB4A49B5175AC7C7003C0E9C /* flat.png in Resources */,
				EB4A49BC175AD891003C0E9C /* logo.png in Resources */,
			);
			runOnlyForDeploymentPostprocessing = 0;
		};
/* End PBXResourcesBuildPhase section */

/* Begin PBXSourcesBuildPhase section */
		EB738125175A8FBF00B66F80 /* Sources */ = {
			isa = PBXSourcesBuildPhase;
			buildActionMask = 2147483647;
			files = (
				EB73813B175A8FBF00B66F80 /* main.m in Sources */,
				EB73813F175A8FBF00B66F80 /* mmmAppDelegate.m in Sources */,
				EB738148175A8FBF00B66F80 /* MoveMyMusicApp.xcdatamodeld in Sources */,
				EB73814B175A8FBF00B66F80 /* mmmMasterViewController.m in Sources */,
				EB73815E175A928000B66F80 /* mmmOnboardingViewController.m in Sources */,
				EB738162175A93D500B66F80 /* Song.m in Sources */,
				EB738166175A9CEB00B66F80 /* mmmTeacherOnboardingViewController.m in Sources */,
				EB73816E175AA4E400B66F80 /* mmmStudentOnboardingViewController.m in Sources */,
				EB73818C175AAA4E00B66F80 /* mmmSongCreatorViewController.m in Sources */,
				EB4A49BF175AE637003C0E9C /* mmmSpecialRequest.m in Sources */,
				EB738195175AAAE100B66F80 /* draggableImage.m in Sources */,
				EB7381A0175AB4BB00B66F80 /* APIUtility.m in Sources */,
				EB7381AC175AB8E600B66F80 /* JSONKit.m in Sources */,
				EB4A49C2175B177E003C0E9C /* mmmNoteView.m in Sources */,
				EB4A49C8175B3588003C0E9C /* mmmPlayAudio.m in Sources */,
			);
			runOnlyForDeploymentPostprocessing = 0;
		};
/* End PBXSourcesBuildPhase section */

/* Begin PBXVariantGroup section */
		EB738137175A8FBF00B66F80 /* InfoPlist.strings */ = {
			isa = PBXVariantGroup;
			children = (
				EB738138175A8FBF00B66F80 /* en */,
			);
			name = InfoPlist.strings;
			sourceTree = "<group>";
		};
		EB73814F175A8FBF00B66F80 /* mmmMasterViewController.xib */ = {
			isa = PBXVariantGroup;
			children = (
				EB738150175A8FBF00B66F80 /* en */,
			);
			name = mmmMasterViewController.xib;
			sourceTree = "<group>";
		};
/* End PBXVariantGroup section */

/* Begin XCBuildConfiguration section */
		EB738155175A8FBF00B66F80 /* Debug */ = {
			isa = XCBuildConfiguration;
			buildSettings = {
				ALWAYS_SEARCH_USER_PATHS = NO;
				CLANG_CXX_LANGUAGE_STANDARD = "gnu++0x";
				CLANG_CXX_LIBRARY = "libc++";
				CLANG_ENABLE_OBJC_ARC = YES;
				CLANG_WARN_CONSTANT_CONVERSION = YES;
				CLANG_WARN_EMPTY_BODY = YES;
				CLANG_WARN_ENUM_CONVERSION = YES;
				CLANG_WARN_INT_CONVERSION = YES;
				CLANG_WARN__DUPLICATE_METHOD_MATCH = YES;
				CODE_SIGN_IDENTITY = "iPhone Developer: Nicholas J. Krut (AM9ZWXZS46)";
				"CODE_SIGN_IDENTITY[sdk=iphoneos*]" = "iPhone Developer: Nicholas J. Krut (AM9ZWXZS46)";
				COPY_PHASE_STRIP = NO;
				GCC_C_LANGUAGE_STANDARD = gnu99;
				GCC_DYNAMIC_NO_PIC = NO;
				GCC_OPTIMIZATION_LEVEL = 0;
				GCC_PREPROCESSOR_DEFINITIONS = (
					"DEBUG=1",
					"$(inherited)",
				);
				GCC_SYMBOLS_PRIVATE_EXTERN = NO;
				GCC_WARN_ABOUT_RETURN_TYPE = YES;
				GCC_WARN_UNINITIALIZED_AUTOS = YES;
				GCC_WARN_UNUSED_VARIABLE = YES;
				IPHONEOS_DEPLOYMENT_TARGET = 5.0;
				ONLY_ACTIVE_ARCH = YES;
				PROVISIONING_PROFILE = "AFA9FF64-E5ED-4EDE-B655-270CEDA1BD3F";
				"PROVISIONING_PROFILE[sdk=iphoneos*]" = "AFA9FF64-E5ED-4EDE-B655-270CEDA1BD3F";
				SDKROOT = iphoneos;
				TARGETED_DEVICE_FAMILY = 2;
			};
			name = Debug;
		};
		EB738156175A8FBF00B66F80 /* Release */ = {
			isa = XCBuildConfiguration;
			buildSettings = {
				ALWAYS_SEARCH_USER_PATHS = NO;
				CLANG_CXX_LANGUAGE_STANDARD = "gnu++0x";
				CLANG_CXX_LIBRARY = "libc++";
				CLANG_ENABLE_OBJC_ARC = YES;
				CLANG_WARN_CONSTANT_CONVERSION = YES;
				CLANG_WARN_EMPTY_BODY = YES;
				CLANG_WARN_ENUM_CONVERSION = YES;
				CLANG_WARN_INT_CONVERSION = YES;
				CLANG_WARN__DUPLICATE_METHOD_MATCH = YES;
				CODE_SIGN_IDENTITY = "iPhone Developer: Nicholas J. Krut (AM9ZWXZS46)";
				"CODE_SIGN_IDENTITY[sdk=iphoneos*]" = "iPhone Developer: Nicholas J. Krut (AM9ZWXZS46)";
				COPY_PHASE_STRIP = YES;
				GCC_C_LANGUAGE_STANDARD = gnu99;
				GCC_WARN_ABOUT_RETURN_TYPE = YES;
				GCC_WARN_UNINITIALIZED_AUTOS = YES;
				GCC_WARN_UNUSED_VARIABLE = YES;
				IPHONEOS_DEPLOYMENT_TARGET = 5.0;
				OTHER_CFLAGS = "-DNS_BLOCK_ASSERTIONS=1";
				PROVISIONING_PROFILE = "AFA9FF64-E5ED-4EDE-B655-270CEDA1BD3F";
				"PROVISIONING_PROFILE[sdk=iphoneos*]" = "AFA9FF64-E5ED-4EDE-B655-270CEDA1BD3F";
				SDKROOT = iphoneos;
				TARGETED_DEVICE_FAMILY = 2;
				VALIDATE_PRODUCT = YES;
			};
			name = Release;
		};
		EB738158175A8FBF00B66F80 /* Debug */ = {
			isa = XCBuildConfiguration;
			buildSettings = {
				CODE_SIGN_IDENTITY = "iPhone Developer: Nicholas J. Krut (AM9ZWXZS46)";
				"CODE_SIGN_IDENTITY[sdk=iphoneos*]" = "iPhone Developer: Nicholas J. Krut (AM9ZWXZS46)";
				GCC_PRECOMPILE_PREFIX_HEADER = YES;
				GCC_PREFIX_HEADER = "MoveMyMusicApp/MoveMyMusicApp-Prefix.pch";
				INFOPLIST_FILE = "MoveMyMusicApp/MoveMyMusicApp-Info.plist";
				IPHONEOS_DEPLOYMENT_TARGET = 5.0;
				PRODUCT_NAME = "$(TARGET_NAME)";
				PROVISIONING_PROFILE = "2BDC3128-1A74-4BF7-AF85-1A376EF2FBE6";
				"PROVISIONING_PROFILE[sdk=iphoneos*]" = "AFA9FF64-E5ED-4EDE-B655-270CEDA1BD3F";
				WRAPPER_EXTENSION = app;
			};
			name = Debug;
		};
		EB738159175A8FBF00B66F80 /* Release */ = {
			isa = XCBuildConfiguration;
			buildSettings = {
				CODE_SIGN_IDENTITY = "iPhone Developer: Nicholas J. Krut (AM9ZWXZS46)";
				"CODE_SIGN_IDENTITY[sdk=iphoneos*]" = "iPhone Developer: Nicholas J. Krut (AM9ZWXZS46)";
				GCC_PRECOMPILE_PREFIX_HEADER = YES;
				GCC_PREFIX_HEADER = "MoveMyMusicApp/MoveMyMusicApp-Prefix.pch";
				INFOPLIST_FILE = "MoveMyMusicApp/MoveMyMusicApp-Info.plist";
				IPHONEOS_DEPLOYMENT_TARGET = 5.0;
				PRODUCT_NAME = "$(TARGET_NAME)";
				PROVISIONING_PROFILE = "2BDC3128-1A74-4BF7-AF85-1A376EF2FBE6";
				"PROVISIONING_PROFILE[sdk=iphoneos*]" = "AFA9FF64-E5ED-4EDE-B655-270CEDA1BD3F";
				WRAPPER_EXTENSION = app;
			};
			name = Release;
		};
/* End XCBuildConfiguration section */

/* Begin XCConfigurationList section */
		EB738124175A8FBF00B66F80 /* Build configuration list for PBXProject "MoveMyMusicApp" */ = {
			isa = XCConfigurationList;
			buildConfigurations = (
				EB738155175A8FBF00B66F80 /* Debug */,
				EB738156175A8FBF00B66F80 /* Release */,
			);
			defaultConfigurationIsVisible = 0;
			defaultConfigurationName = Release;
		};
		EB738157175A8FBF00B66F80 /* Build configuration list for PBXNativeTarget "MoveMyMusicApp" */ = {
			isa = XCConfigurationList;
			buildConfigurations = (
				EB738158175A8FBF00B66F80 /* Debug */,
				EB738159175A8FBF00B66F80 /* Release */,
			);
			defaultConfigurationIsVisible = 0;
			defaultConfigurationName = Release;
		};
/* End XCConfigurationList section */

/* Begin XCVersionGroup section */
		EB738146175A8FBF00B66F80 /* MoveMyMusicApp.xcdatamodeld */ = {
			isa = XCVersionGroup;
			children = (
				EB738147175A8FBF00B66F80 /* MoveMyMusicApp.xcdatamodel */,
			);
			currentVersion = EB738147175A8FBF00B66F80 /* MoveMyMusicApp.xcdatamodel */;
			path = MoveMyMusicApp.xcdatamodeld;
			sourceTree = "<group>";
			versionGroupType = wrapper.xcdatamodel;
		};
/* End XCVersionGroup section */
	};
	rootObject = EB738121175A8FBF00B66F80 /* Project object */;
}
